
Microsoft Visual Studio Solution File, Format Version 12.00
# Visual Studio 14
VisualStudioVersion = 14.0.25420.1
MinimumVisualStudioVersion = 10.0.40219.1
Project("{8BC9CEB8-8B4A-11D0-8D11-00A0C91BC942}") = "FactoryPattern", "FactoryPattern\FactoryPattern.vcxproj", "{541BCD9F-501F-4737-89AB-80125284439C}"
EndProject
Project("{8BC9CEB8-8B4A-11D0-8D11-00A0C91BC942}") = "BuilderPattern", "BuilderPattern\BuilderPattern.vcxproj", "{38ABB4A5-BC4B-4188-8131-72F0619FD2A1}"
EndProject
Project("{8BC9CEB8-8B4A-11D0-8D11-00A0C91BC942}") = "CompositePattern", "CompositePattern\CompositePattern.vcxproj", "{C7FAD3D0-B99F-46B0-B0EB-8EA3CA2F15CF}"
EndProject
Project("{8BC9CEB8-8B4A-11D0-8D11-00A0C91BC942}") = "FlyweightPattern", "FlyweightPattern\FlyweightPattern.vcxproj", "{B26382B8-2E0A-4DDB-9D7F-982ADF90D457}"
EndProject
Project("{8BC9CEB8-8B4A-11D0-8D11-00A0C91BC942}") = "ObserverPattern", "ObserverPattern\ObserverPattern.vcxproj", "{5B2F8AE7-14F5-4C9E-B082-B73DAC78F4FF}"
EndProject
Project("{8BC9CEB8-8B4A-11D0-8D11-00A0C91BC942}") = "PrototypePattern", "PrototypePattern\PrototypePattern.vcxproj", "{84F71C94-CE24-4D5F-A5A6-D349700F16E7}"
EndProject
Project("{8BC9CEB8-8B4A-11D0-8D11-00A0C91BC942}") = "ProxyPattern", "ProxyPattern\ProxyPattern.vcxproj", "{4493B4B9-1B79-4D1F-8267-C0AE8E0E4717}"
EndProject
Project("{8BC9CEB8-8B4A-11D0-8D11-00A0C91BC942}") = "StrategyPattern", "StrategyPattern\StrategyPattern.vcxproj", "{A887F460-C0BD-43D8-A0C1-D016CDF39327}"
EndProject
Project("{8BC9CEB8-8B4A-11D0-8D11-00A0C91BC942}") = "AdapterPattern", "AdapterPattern\AdapterPattern.vcxproj", "{2E78BC4A-FCBC-4656-83CB-68D9B64F1ACF}"
EndProject
Project("{8BC9CEB8-8B4A-11D0-8D11-00A0C91BC942}") = "BridgePattern", "BridgePattern\BridgePattern.vcxproj", "{C3D5894E-D4DC-456D-A1BB-CA848DB2A738}"
EndProject
Project("{8BC9CEB8-8B4A-11D0-8D11-00A0C91BC942}") = "ChainOfResponsibilityPattern", "ChainOfResponsibilityPattern\ChainOfResponsibilityPattern.vcxproj", "{2E63314F-A009-49ED-8FFA-98476361FA1E}"
EndProject
Project("{8BC9CEB8-8B4A-11D0-8D11-00A0C91BC942}") = "CommandPattern", "CommandPattern\CommandPattern.vcxproj", "{F5F5F175-67CD-496B-951A-C167FC42F367}"
EndProject
Project("{8BC9CEB8-8B4A-11D0-8D11-00A0C91BC942}") = "DecoratorPattern", "DecoratorPattern\DecoratorPattern.vcxproj", "{6BC7A0BC-7051-4864-A8A7-D0390188E830}"
EndProject
Project("{8BC9CEB8-8B4A-11D0-8D11-00A0C91BC942}") = "FacadePattern", "FacadePattern\FacadePattern.vcxproj", "{0B3C3E7E-34F2-4DF8-B329-A385098DF3B4}"
EndProject
Project("{8BC9CEB8-8B4A-11D0-8D11-00A0C91BC942}") = "InterpreterPattern", "InterpreterPattern\InterpreterPattern.vcxproj", "{4BDF6927-1B25-41E6-B48F-30B693518A30}"
EndProject
Project("{8BC9CEB8-8B4A-11D0-8D11-00A0C91BC942}") = "MediatorPattern", "MediatorPattern\MediatorPattern.vcxproj", "{F0814D2F-ACFC-499D-9686-9798596F6B73}"
EndProject
Project("{8BC9CEB8-8B4A-11D0-8D11-00A0C91BC942}") = "MementoPattern", "MementoPattern\MementoPattern.vcxproj", "{ED525EF8-B4FC-4A26-AF5B-AC1058B11E9D}"
EndProject
Project("{8BC9CEB8-8B4A-11D0-8D11-00A0C91BC942}") = "SingletonPattern", "SingletonPattern\SingletonPattern.vcxproj", "{327B016A-81C3-47DA-8C3F-8E03A289CAE4}"
EndProject
Project("{8BC9CEB8-8B4A-11D0-8D11-00A0C91BC942}") = "StatePattern", "StatePattern\StatePattern.vcxproj", "{209EB0EE-7C29-4C53-8ED7-E66C4A68359B}"
EndProject
Project("{8BC9CEB8-8B4A-11D0-8D11-00A0C91BC942}") = "TemplatePattern", "TemplatePattern\TemplatePattern.vcxproj", "{B4E8C551-AA30-4ABD-8F38-83B8AAEE4A48}"
EndProject
Project("{8BC9CEB8-8B4A-11D0-8D11-00A0C91BC942}") = "VisitorPattern", "VisitorPattern\VisitorPattern.vcxproj", "{CDB2FC6E-6C3A-4573-919A-2763B8990E12}"
EndProject
Global
	GlobalSection(SolutionConfigurationPlatforms) = preSolution
		Debug|x64 = Debug|x64
		Debug|x86 = Debug|x86
		Release|x64 = Release|x64
		Release|x86 = Release|x86
	EndGlobalSection
	GlobalSection(ProjectConfigurationPlatforms) = postSolution
		{541BCD9F-501F-4737-89AB-80125284439C}.Debug|x64.ActiveCfg = Debug|x64
		{541BCD9F-501F-4737-89AB-80125284439C}.Debug|x64.Build.0 = Debug|x64
		{541BCD9F-501F-4737-89AB-80125284439C}.Debug|x86.ActiveCfg = Debug|Win32
		{541BCD9F-501F-4737-89AB-80125284439C}.Debug|x86.Build.0 = Debug|Win32
		{541BCD9F-501F-4737-89AB-80125284439C}.Release|x64.ActiveCfg = Release|x64
		{541BCD9F-501F-4737-89AB-80125284439C}.Release|x64.Build.0 = Release|x64
		{541BCD9F-501F-4737-89AB-80125284439C}.Release|x86.ActiveCfg = Release|Win32
		{541BCD9F-501F-4737-89AB-80125284439C}.Release|x86.Build.0 = Release|Win32
		{38ABB4A5-BC4B-4188-8131-72F0619FD2A1}.Debug|x64.ActiveCfg = Debug|x64
		{38ABB4A5-BC4B-4188-8131-72F0619FD2A1}.Debug|x64.Build.0 = Debug|x64
		{38ABB4A5-BC4B-4188-8131-72F0619FD2A1}.Debug|x86.ActiveCfg = Debug|Win32
		{38ABB4A5-BC4B-4188-8131-72F0619FD2A1}.Debug|x86.Build.0 = Debug|Win32
		{38ABB4A5-BC4B-4188-8131-72F0619FD2A1}.Release|x64.ActiveCfg = Release|x64
		{38ABB4A5-BC4B-4188-8131-72F0619FD2A1}.Release|x64.Build.0 = Release|x64
		{38ABB4A5-BC4B-4188-8131-72F0619FD2A1}.Release|x86.ActiveCfg = Release|Win32
		{38ABB4A5-BC4B-4188-8131-72F0619FD2A1}.Release|x86.Build.0 = Release|Win32
		{C7FAD3D0-B99F-46B0-B0EB-8EA3CA2F15CF}.Debug|x64.ActiveCfg = Debug|x64
		{C7FAD3D0-B99F-46B0-B0EB-8EA3CA2F15CF}.Debug|x64.Build.0 = Debug|x64
		{C7FAD3D0-B99F-46B0-B0EB-8EA3CA2F15CF}.Debug|x86.ActiveCfg = Debug|Win32
		{C7FAD3D0-B99F-46B0-B0EB-8EA3CA2F15CF}.Debug|x86.Build.0 = Debug|Win32
		{C7FAD3D0-B99F-46B0-B0EB-8EA3CA2F15CF}.Release|x64.ActiveCfg = Release|x64
		{C7FAD3D0-B99F-46B0-B0EB-8EA3CA2F15CF}.Release|x64.Build.0 = Release|x64
		{C7FAD3D0-B99F-46B0-B0EB-8EA3CA2F15CF}.Release|x86.ActiveCfg = Release|Win32
		{C7FAD3D0-B99F-46B0-B0EB-8EA3CA2F15CF}.Release|x86.Build.0 = Release|Win32
		{B26382B8-2E0A-4DDB-9D7F-982ADF90D457}.Debug|x64.ActiveCfg = Debug|x64
		{B26382B8-2E0A-4DDB-9D7F-982ADF90D457}.Debug|x64.Build.0 = Debug|x64
		{B26382B8-2E0A-4DDB-9D7F-982ADF90D457}.Debug|x86.ActiveCfg = Debug|Win32
		{B26382B8-2E0A-4DDB-9D7F-982ADF90D457}.Debug|x86.Build.0 = Debug|Win32
		{B26382B8-2E0A-4DDB-9D7F-982ADF90D457}.Release|x64.ActiveCfg = Release|x64
		{B26382B8-2E0A-4DDB-9D7F-982ADF90D457}.Release|x64.Build.0 = Release|x64
		{B26382B8-2E0A-4DDB-9D7F-982ADF90D457}.Release|x86.ActiveCfg = Release|Win32
		{B26382B8-2E0A-4DDB-9D7F-982ADF90D457}.Release|x86.Build.0 = Release|Win32
		{5B2F8AE7-14F5-4C9E-B082-B73DAC78F4FF}.Debug|x64.ActiveCfg = Debug|x64
		{5B2F8AE7-14F5-4C9E-B082-B73DAC78F4FF}.Debug|x64.Build.0 = Debug|x64
		{5B2F8AE7-14F5-4C9E-B082-B73DAC78F4FF}.Debug|x86.ActiveCfg = Debug|Win32
		{5B2F8AE7-14F5-4C9E-B082-B73DAC78F4FF}.Debug|x86.Build.0 = Debug|Win32
		{5B2F8AE7-14F5-4C9E-B082-B73DAC78F4FF}.Release|x64.ActiveCfg = Release|x64
		{5B2F8AE7-14F5-4C9E-B082-B73DAC78F4FF}.Release|x64.Build.0 = Release|x64
		{5B2F8AE7-14F5-4C9E-B082-B73DAC78F4FF}.Release|x86.ActiveCfg = Release|Win32
		{5B2F8AE7-14F5-4C9E-B082-B73DAC78F4FF}.Release|x86.Build.0 = Release|Win32
		{84F71C94-CE24-4D5F-A5A6-D349700F16E7}.Debug|x64.ActiveCfg = Debug|x64
		{84F71C94-CE24-4D5F-A5A6-D349700F16E7}.Debug|x64.Build.0 = Debug|x64
		{84F71C94-CE24-4D5F-A5A6-D349700F16E7}.Debug|x86.ActiveCfg = Debug|Win32
		{84F71C94-CE24-4D5F-A5A6-D349700F16E7}.Debug|x86.Build.0 = Debug|Win32
		{84F71C94-CE24-4D5F-A5A6-D349700F16E7}.Release|x64.ActiveCfg = Release|x64
		{84F71C94-CE24-4D5F-A5A6-D349700F16E7}.Release|x64.Build.0 = Release|x64
		{84F71C94-CE24-4D5F-A5A6-D349700F16E7}.Release|x86.ActiveCfg = Release|Win32
		{84F71C94-CE24-4D5F-A5A6-D349700F16E7}.Release|x86.Build.0 = Release|Win32
		{4493B4B9-1B79-4D1F-8267-C0AE8E0E4717}.Debug|x64.ActiveCfg = Debug|x64
		{4493B4B9-1B79-4D1F-8267-C0AE8E0E4717}.Debug|x64.Build.0 = Debug|x64
		{4493B4B9-1B79-4D1F-8267-C0AE8E0E4717}.Debug|x86.ActiveCfg = Debug|Win32
		{4493B4B9-1B79-4D1F-8267-C0AE8E0E4717}.Debug|x86.Build.0 = Debug|Win32
		{4493B4B9-1B79-4D1F-8267-C0AE8E0E4717}.Release|x64.ActiveCfg = Release|x64
		{4493B4B9-1B79-4D1F-8267-C0AE8E0E4717}.Release|x64.Build.0 = Release|x64
		{4493B4B9-1B79-4D1F-8267-C0AE8E0E4717}.Release|x86.ActiveCfg = Release|Win32
		{4493B4B9-1B79-4D1F-8267-C0AE8E0E4717}.Release|x86.Build.0 = Release|Win32
		{A887F460-C0BD-43D8-A0C1-D016CDF39327}.Debug|x64.ActiveCfg = Debug|x64
		{A887F460-C0BD-43D8-A0C1-D016CDF39327}.Debug|x64.Build.0 = Debug|x64
		{A887F460-C0BD-43D8-A0C1-D016CDF39327}.Debug|x86.ActiveCfg = Debug|Win32
		{A887F460-C0BD-43D8-A0C1-D016CDF39327}.Debug|x86.Build.0 = Debug|Win32
		{A887F460-C0BD-43D8-A0C1-D016CDF39327}.Release|x64.ActiveCfg = Release|x64
		{A887F460-C0BD-43D8-A0C1-D016CDF39327}.Release|x64.Build.0 = Release|x64
		{A887F460-C0BD-43D8-A0C1-D016CDF39327}.Release|x86.ActiveCfg = Release|Win32
		{A887F460-C0BD-43D8-A0C1-D016CDF39327}.Release|x86.Build.0 = Release|Win32
		{2E78BC4A-FCBC-4656-83CB-68D9B64F1ACF}.Debug|x64.ActiveCfg = Debug|x64
		{2E78BC4A-FCBC-4656-83CB-68D9B64F1ACF}.Debug|x64.Build.0 = Debug|x64
		{2E78BC4A-FCBC-4656-83CB-68D9B64F1ACF}.Debug|x86.ActiveCfg = Debug|Win32
		{2E78BC4A-FCBC-4656-83CB-68D9B64F1ACF}.Debug|x86.Build.0 = Debug|Win32
		{2E78BC4A-FCBC-4656-83CB-68D9B64F1ACF}.Release|x64.ActiveCfg = Release|x64
		{2E78BC4A-FCBC-4656-83CB-68D9B64F1ACF}.Release|x64.Build.0 = Release|x64
		{2E78BC4A-FCBC-4656-83CB-68D9B64F1ACF}.Release|x86.ActiveCfg = Release|Win32
		{2E78BC4A-FCBC-4656-83CB-68D9B64F1ACF}.Release|x86.Build.0 = Release|Win32
		{C3D5894E-D4DC-456D-A1BB-CA848DB2A738}.Debug|x64.ActiveCfg = Debug|x64
		{C3D5894E-D4DC-456D-A1BB-CA848DB2A738}.Debug|x64.Build.0 = Debug|x64
		{C3D5894E-D4DC-456D-A1BB-CA848DB2A738}.Debug|x86.ActiveCfg = Debug|Win32
		{C3D5894E-D4DC-456D-A1BB-CA848DB2A738}.Debug|x86.Build.0 = Debug|Win32
		{C3D5894E-D4DC-456D-A1BB-CA848DB2A738}.Release|x64.ActiveCfg = Release|x64
		{C3D5894E-D4DC-456D-A1BB-CA848DB2A738}.Release|x64.Build.0 = Release|x64
		{C3D5894E-D4DC-456D-A1BB-CA848DB2A738}.Release|x86.ActiveCfg = Release|Win32
		{C3D5894E-D4DC-456D-A1BB-CA848DB2A738}.Release|x86.Build.0 = Release|Win32
		{2E63314F-A009-49ED-8FFA-98476361FA1E}.Debug|x64.ActiveCfg = Debug|x64
		{2E63314F-A009-49ED-8FFA-98476361FA1E}.Debug|x64.Build.0 = Debug|x64
		{2E63314F-A009-49ED-8FFA-98476361FA1E}.Debug|x86.ActiveCfg = Debug|Win32
		{2E63314F-A009-49ED-8FFA-98476361FA1E}.Debug|x86.Build.0 = Debug|Win32
		{2E63314F-A009-49ED-8FFA-98476361FA1E}.Release|x64.ActiveCfg = Release|x64
		{2E63314F-A009-49ED-8FFA-98476361FA1E}.Release|x64.Build.0 = Release|x64
		{2E63314F-A009-49ED-8FFA-98476361FA1E}.Release|x86.ActiveCfg = Release|Win32
		{2E63314F-A009-49ED-8FFA-98476361FA1E}.Release|x86.Build.0 = Release|Win32
		{F5F5F175-67CD-496B-951A-C167FC42F367}.Debug|x64.ActiveCfg = Debug|x64
		{F5F5F175-67CD-496B-951A-C167FC42F367}.Debug|x64.Build.0 = Debug|x64
		{F5F5F175-67CD-496B-951A-C167FC42F367}.Debug|x86.ActiveCfg = Debug|Win32
		{F5F5F175-67CD-496B-951A-C167FC42F367}.Debug|x86.Build.0 = Debug|Win32
		{F5F5F175-67CD-496B-951A-C167FC42F367}.Release|x64.ActiveCfg = Release|x64
		{F5F5F175-67CD-496B-951A-C167FC42F367}.Release|x64.Build.0 = Release|x64
		{F5F5F175-67CD-496B-951A-C167FC42F367}.Release|x86.ActiveCfg = Release|Win32
		{F5F5F175-67CD-496B-951A-C167FC42F367}.Release|x86.Build.0 = Release|Win32
		{6BC7A0BC-7051-4864-A8A7-D0390188E830}.Debug|x64.ActiveCfg = Debug|x64
		{6BC7A0BC-7051-4864-A8A7-D0390188E830}.Debug|x64.Build.0 = Debug|x64
		{6BC7A0BC-7051-4864-A8A7-D0390188E830}.Debug|x86.ActiveCfg = Debug|Win32
		{6BC7A0BC-7051-4864-A8A7-D0390188E830}.Debug|x86.Build.0 = Debug|Win32
		{6BC7A0BC-7051-4864-A8A7-D0390188E830}.Release|x64.ActiveCfg = Release|x64
		{6BC7A0BC-7051-4864-A8A7-D0390188E830}.Release|x64.Build.0 = Release|x64
		{6BC7A0BC-7051-4864-A8A7-D0390188E830}.Release|x86.ActiveCfg = Release|Win32
		{6BC7A0BC-7051-4864-A8A7-D0390188E830}.Release|x86.Build.0 = Release|Win32
		{0B3C3E7E-34F2-4DF8-B329-A385098DF3B4}.Debug|x64.ActiveCfg = Debug|x64
		{0B3C3E7E-34F2-4DF8-B329-A385098DF3B4}.Debug|x64.Build.0 = Debug|x64
		{0B3C3E7E-34F2-4DF8-B329-A385098DF3B4}.Debug|x86.ActiveCfg = Debug|Win32
		{0B3C3E7E-34F2-4DF8-B329-A385098DF3B4}.Debug|x86.Build.0 = Debug|Win32
		{0B3C3E7E-34F2-4DF8-B329-A385098DF3B4}.Release|x64.ActiveCfg = Release|x64
		{0B3C3E7E-34F2-4DF8-B329-A385098DF3B4}.Release|x64.Build.0 = Release|x64
		{0B3C3E7E-34F2-4DF8-B329-A385098DF3B4}.Release|x86.ActiveCfg = Release|Win32
		{0B3C3E7E-34F2-4DF8-B329-A385098DF3B4}.Release|x86.Build.0 = Release|Win32
		{4BDF6927-1B25-41E6-B48F-30B693518A30}.Debug|x64.ActiveCfg = Debug|x64
		{4BDF6927-1B25-41E6-B48F-30B693518A30}.Debug|x64.Build.0 = Debug|x64
		{4BDF6927-1B25-41E6-B48F-30B693518A30}.Debug|x86.ActiveCfg = Debug|Win32
		{4BDF6927-1B25-41E6-B48F-30B693518A30}.Debug|x86.Build.0 = Debug|Win32
		{4BDF6927-1B25-41E6-B48F-30B693518A30}.Release|x64.ActiveCfg = Release|x64
		{4BDF6927-1B25-41E6-B48F-30B693518A30}.Release|x64.Build.0 = Release|x64
		{4BDF6927-1B25-41E6-B48F-30B693518A30}.Release|x86.ActiveCfg = Release|Win32
		{4BDF6927-1B25-41E6-B48F-30B693518A30}.Release|x86.Build.0 = Release|Win32
		{F0814D2F-ACFC-499D-9686-9798596F6B73}.Debug|x64.ActiveCfg = Debug|x64
		{F0814D2F-ACFC-499D-9686-9798596F6B73}.Debug|x64.Build.0 = Debug|x64
		{F0814D2F-ACFC-499D-9686-9798596F6B73}.Debug|x86.ActiveCfg = Debug|Win32
		{F0814D2F-ACFC-499D-9686-9798596F6B73}.Debug|x86.Build.0 = Debug|Win32
		{F0814D2F-ACFC-499D-9686-9798596F6B73}.Release|x64.ActiveCfg = Release|x64
		{F0814D2F-ACFC-499D-9686-9798596F6B73}.Release|x64.Build.0 = Release|x64
		{F0814D2F-ACFC-499D-9686-9798596F6B73}.Release|x86.ActiveCfg = Release|Win32
		{F0814D2F-ACFC-499D-9686-9798596F6B73}.Release|x86.Build.0 = Release|Win32
		{ED525EF8-B4FC-4A26-AF5B-AC1058B11E9D}.Debug|x64.ActiveCfg = Debug|x64
		{ED525EF8-B4FC-4A26-AF5B-AC1058B11E9D}.Debug|x64.Build.0 = Debug|x64
		{ED525EF8-B4FC-4A26-AF5B-AC1058B11E9D}.Debug|x86.ActiveCfg = Debug|Win32
		{ED525EF8-B4FC-4A26-AF5B-AC1058B11E9D}.Debug|x86.Build.0 = Debug|Win32
		{ED525EF8-B4FC-4A26-AF5B-AC1058B11E9D}.Release|x64.ActiveCfg = Release|x64
		{ED525EF8-B4FC-4A26-AF5B-AC1058B11E9D}.Release|x64.Build.0 = Release|x64
		{ED525EF8-B4FC-4A26-AF5B-AC1058B11E9D}.Release|x86.ActiveCfg = Release|Win32
		{ED525EF8-B4FC-4A26-AF5B-AC1058B11E9D}.Release|x86.Build.0 = Release|Win32
		{327B016A-81C3-47DA-8C3F-8E03A289CAE4}.Debug|x64.ActiveCfg = Debug|x64
		{327B016A-81C3-47DA-8C3F-8E03A289CAE4}.Debug|x64.Build.0 = Debug|x64
		{327B016A-81C3-47DA-8C3F-8E03A289CAE4}.Debug|x86.ActiveCfg = Debug|Win32
		{327B016A-81C3-47DA-8C3F-8E03A289CAE4}.Debug|x86.Build.0 = Debug|Win32
		{327B016A-81C3-47DA-8C3F-8E03A289CAE4}.Release|x64.ActiveCfg = Release|x64
		{327B016A-81C3-47DA-8C3F-8E03A289CAE4}.Release|x64.Build.0 = Release|x64
		{327B016A-81C3-47DA-8C3F-8E03A289CAE4}.Release|x86.ActiveCfg = Release|Win32
		{327B016A-81C3-47DA-8C3F-8E03A289CAE4}.Release|x86.Build.0 = Release|Win32
		{209EB0EE-7C29-4C53-8ED7-E66C4A68359B}.Debug|x64.ActiveCfg = Debug|x64
		{209EB0EE-7C29-4C53-8ED7-E66C4A68359B}.Debug|x64.Build.0 = Debug|x64
		{209EB0EE-7C29-4C53-8ED7-E66C4A68359B}.Debug|x86.ActiveCfg = Debug|Win32
		{209EB0EE-7C29-4C53-8ED7-E66C4A68359B}.Debug|x86.Build.0 = Debug|Win32
		{209EB0EE-7C29-4C53-8ED7-E66C4A68359B}.Release|x64.ActiveCfg = Release|x64
		{209EB0EE-7C29-4C53-8ED7-E66C4A68359B}.Release|x64.Build.0 = Release|x64
		{209EB0EE-7C29-4C53-8ED7-E66C4A68359B}.Release|x86.ActiveCfg = Release|Win32
		{209EB0EE-7C29-4C53-8ED7-E66C4A68359B}.Release|x86.Build.0 = Release|Win32
		{B4E8C551-AA30-4ABD-8F38-83B8AAEE4A48}.Debug|x64.ActiveCfg = Debug|x64
		{B4E8C551-AA30-4ABD-8F38-83B8AAEE4A48}.Debug|x64.Build.0 = Debug|x64
		{B4E8C551-AA30-4ABD-8F38-83B8AAEE4A48}.Debug|x86.ActiveCfg = Debug|Win32
		{B4E8C551-AA30-4ABD-8F38-83B8AAEE4A48}.Debug|x86.Build.0 = Debug|Win32
		{B4E8C551-AA30-4ABD-8F38-83B8AAEE4A48}.Release|x64.ActiveCfg = Release|x64
		{B4E8C551-AA30-4ABD-8F38-83B8AAEE4A48}.Release|x64.Build.0 = Release|x64
		{B4E8C551-AA30-4ABD-8F38-83B8AAEE4A48}.Release|x86.ActiveCfg = Release|Win32
		{B4E8C551-AA30-4ABD-8F38-83B8AAEE4A48}.Release|x86.Build.0 = Release|Win32
		{CDB2FC6E-6C3A-4573-919A-2763B8990E12}.Debug|x64.ActiveCfg = Debug|x64
		{CDB2FC6E-6C3A-4573-919A-2763B8990E12}.Debug|x64.Build.0 = Debug|x64
		{CDB2FC6E-6C3A-4573-919A-2763B8990E12}.Debug|x86.ActiveCfg = Debug|Win32
		{CDB2FC6E-6C3A-4573-919A-2763B8990E12}.Debug|x86.Build.0 = Debug|Win32
		{CDB2FC6E-6C3A-4573-919A-2763B8990E12}.Release|x64.ActiveCfg = Release|x64
		{CDB2FC6E-6C3A-4573-919A-2763B8990E12}.Release|x64.Build.0 = Release|x64
		{CDB2FC6E-6C3A-4573-919A-2763B8990E12}.Release|x86.ActiveCfg = Release|Win32
		{CDB2FC6E-6C3A-4573-919A-2763B8990E12}.Release|x86.Build.0 = Release|Win32
	EndGlobalSection
	GlobalSection(SolutionProperties) = preSolution
		HideSolutionNode = FALSE
	EndGlobalSection
EndGlobal
